<Solution>
  <Folder Name="/src/">
    <Project Path="src/AgropecuarIA.CapacityPlanningSpike/AgropecuarIA.CapacityPlanningSpike.csproj" />
  </Folder>
  <Folder Name="/tests/">
    <Project Path="tests/AgropecuarIA.CapacityPlanningSpike.Tests/AgropecuarIA.CapacityPlanningSpike.Tests.csproj" />
  </Folder>
</Solution>
