{
  "version": 2,
  "dependencies": {
    "net10.0": {
      "MSTest": {
        "type": "Direct",
        "requested": "[4.3.3, )",
        "resolved": "4.3.3",
        "contentHash": "jrnmaQgS4Z81ONQzTgB2GUDZ52r7Qvy3QYGyKZbJ7mX3YR/gwNaIcEAnbkJgefpp3V2ctpBMcn5Hg/72TV/R2g==",
        "dependencies": {
          "MSTest.TestAdapter": "4.3.3",
          "MSTest.TestFramework": "4.3.3",
          "Microsoft.NET.Test.Sdk": "18.4.0",
          "Microsoft.Testing.Extensions.CodeCoverage": "18.9.0",
          "Microsoft.Testing.Extensions.TrxReport": "2.3.3"
        }
      },
      "Microsoft.ApplicationInsights": {
        "type": "Transitive",
        "resolved": "2.23.0",
        "contentHash": "nWArUZTdU7iqZLycLKWe0TDms48KKGE6pONH2terYNa8REXiqixrMOkf1sk5DHGMaUTqONU2YkS4SAXBhLStgw=="
      },
      "Microsoft.CodeCoverage": {
        "type": "Transitive",
        "resolved": "18.4.0",
        "contentHash": "9O0BtCfzCWrkAmK187ugKdq72HHOXoOUjuWFDVc2LsZZ0pOnA9bTt+Sg9q4cF+MoAaUU+MuWtvBuFsnduviJow=="
      },
      "Microsoft.DiaSymReader": {
        "type": "Transitive",
        "resolved": "2.2.9",
        "contentHash": "WLbDc/W9XkHpGVtd1L6Vml8W6+PaaYZZTJASHjHF7W2WX/hld6bfNK102Ui+I3a6zIdx4+oKRJtMgHz44JmBfw=="
      },
      "Microsoft.EntityFrameworkCore": {
        "type": "Transitive",
        "resolved": "10.0.4",
        "contentHash": "kzTsfFK2GCytp6DDTfQOmxPU4gbGdrIlP7PxrxF3ESNLtfXrC8BoUVZENBN2WORlZPAD7CVX6AYIglgkpXQooA==",
        "dependencies": {
          "Microsoft.EntityFrameworkCore.Abstractions": "10.0.4",
          "Microsoft.EntityFrameworkCore.Analyzers": "10.0.4",
          "Microsoft.Extensions.Caching.Memory": "10.0.4",
          "Microsoft.Extensions.Logging": "10.0.4"
        }
      },
      "Microsoft.EntityFrameworkCore.Abstractions": {
        "type": "Transitive",
        "resolved": "10.0.4",
        "contentHash": "qDcJqCfN1XYyX0ID/Hd9/kQTRvlia8S+Yuwyl9uFhBIKnOCbl9WMdGQCzbZUKbkpkfvf3P9CDdXsnxHyE3O0Aw=="
      },
      "Microsoft.EntityFrameworkCore.Analyzers": {
        "type": "Transitive",
        "resolved": "10.0.4",
        "contentHash": "pQeMHCyD3yTtCEGnHV4VsgKUvrESo3MR5mnh8sgQ1hWYmI1YFsUutDowBIxkobeWRtaRmBqQAtF7XQFW6FWuNA=="
      },
      "Microsoft.EntityFrameworkCore.Relational": {
        "type": "Transitive",
        "resolved": "10.0.4",
        "contentHash": "DOTjTHy93W3TwpMLM4SCm0n57Sc0Jj3+m2S6LSTstKyBB34eT1UouaMS19mpWwvtj42+sRiEjA3+rOTNoNzXFQ==",
        "dependencies": {
          "Microsoft.EntityFrameworkCore": "10.0.4",
          "Microsoft.Extensions.Caching.Memory": "10.0.4",
          "Microsoft.Extensions.Configuration.Abstractions": "10.0.4",
          "Microsoft.Extensions.Logging": "10.0.4"
        }
      },
      "Microsoft.Extensions.Caching.Abstractions": {
        "type": "Transitive",
        "resolved": "10.0.4",
        "contentHash": "uDRooaV6N3WZ0kdlNPMB68/MdGn/in1Fs7Db7DnIm85RBTPy4P321WO+daAImiYpH5dekjNggDqy1N44WaIlMA==",
        "dependencies": {
          "Microsoft.Extensions.Primitives": "10.0.4"
        }
      },
      "Microsoft.Extensions.Caching.Memory": {
        "type": "Transitive",
        "resolved": "10.0.4",
        "contentHash": "CLLussNUMdSbyJOu4VBF7sqskHGB/5N1EcFzrqG/HsPATN8fCRUcfp0qns1VwkxKHwxrtYCh5FKe+kM81Q1PHA==",
        "dependencies": {
          "Microsoft.Extensions.Caching.Abstractions": "10.0.4",
          "Microsoft.Extensions.DependencyInjection.Abstractions": "10.0.4",
          "Microsoft.Extensions.Logging.Abstractions": "10.0.4",
          "Microsoft.Extensions.Options": "10.0.4",
          "Microsoft.Extensions.Primitives": "10.0.4"
        }
      },
      "Microsoft.Extensions.Configuration": {
        "type": "Transitive",
        "resolved": "10.0.0",
        "contentHash": "H4SWETCh/cC5L1WtWchHR6LntGk3rDTTznZMssr4cL8IbDmMWBxY+MOGDc/ASnqNolLKPIWHWeuC1ddiL/iNPw==",
        "dependencies": {
          "Microsoft.Extensions.Configuration.Abstractions": "10.0.0",
          "Microsoft.Extensions.Primitives": "10.0.0"
        }
      },
      "Microsoft.Extensions.Configuration.Abstractions": {
        "type": "Transitive",
        "resolved": "10.0.4",
        "contentHash": "3x9X9SMAMdAoEwWxHfsT2a9dTBqEtfYfbEOFw+UPtBshEH2gHWJeazxrZ1FK1O18MoCbe1NxINg5qciB01pEcg==",
        "dependencies": {
          "Microsoft.Extensions.Primitives": "10.0.4"
        }
      },
      "Microsoft.Extensions.Configuration.Binder": {
        "type": "Transitive",
        "resolved": "10.0.0",
        "contentHash": "tMF9wNh+hlyYDWB8mrFCQHQmWHlRosol1b/N2Jrefy1bFLnuTlgSYmPyHNmz8xVQgs7DpXytBRWxGhG+mSTp0g==",
        "dependencies": {
          "Microsoft.Extensions.Configuration": "10.0.0",
          "Microsoft.Extensions.Configuration.Abstractions": "10.0.0"
        }
      },
      "Microsoft.Extensions.Configuration.EnvironmentVariables": {
        "type": "Transitive",
        "resolved": "10.0.0",
        "contentHash": "TmFegsI/uCdwMBD4yKpmO+OkjVNHQL49Dh/ep83NI5rPUEoBK9OdsJo1zURc1A2FuS/R/Pos3wsTjlyLnguBLA==",
        "dependencies": {
          "Microsoft.Extensions.Configuration": "10.0.0",
          "Microsoft.Extensions.Configuration.Abstractions": "10.0.0"
        }
      },
      "Microsoft.Extensions.DependencyInjection": {
        "type": "Transitive",
        "resolved": "10.0.4",
        "contentHash": "NkvJ8aSr3AG30yabjv7ZWwTG/wq5OElNTlNq39Ok2HSEF3TIwAc1f1xnTJlR/GuoJmEgkfT7WBO9YbSXRk41+g==",
        "dependencies": {
          "Microsoft.Extensions.DependencyInjection.Abstractions": "10.0.4"
        }
      },
      "Microsoft.Extensions.DependencyInjection.Abstractions": {
        "type": "Transitive",
        "resolved": "10.0.4",
        "contentHash": "SIe9zlVQJecnk/DTmevIcl6+aEDYhoVLc2eG2AKwVeNEC8CSyxHAbh4lf0xtHq9JUum0vVTEByGNTK+b6oihTQ=="
      },
      "Microsoft.Extensions.DependencyModel": {
        "type": "Transitive",
        "resolved": "10.0.8",
        "contentHash": "vLyZVpxmduO2jx+76ggqnsA3m81kwMY3NkWciNTj5E+Nvqb0VihqCvQP89QsGONWp0AJwMZG+u9GzaCjDdFGNw=="
      },
      "Microsoft.Extensions.Diagnostics.Abstractions": {
        "type": "Transitive",
        "resolved": "10.0.0",
        "contentHash": "SfK89ytD61S7DgzorFljSkUeluC1ncn6dtZgwc0ot39f/BEYWBl5jpgvodxduoYAs1d9HG8faCDRZxE95UMo2A==",
        "dependencies": {
          "Microsoft.Extensions.DependencyInjection.Abstractions": "10.0.0",
          "Microsoft.Extensions.Options": "10.0.0"
        }
      },
      "Microsoft.Extensions.FileProviders.Abstractions": {
        "type": "Transitive",
        "resolved": "10.0.0",
        "contentHash": "/ppSdehKk3fuXjlqCDgSOtjRK/pSHU8eWgzSHfHdwVm5BP4Dgejehkw+PtxKG2j98qTDEHDst2Y99aNsmJldmw==",
        "dependencies": {
          "Microsoft.Extensions.Primitives": "10.0.0"
        }
      },
      "Microsoft.Extensions.Hosting.Abstractions": {
        "type": "Transitive",
        "resolved": "10.0.0",
        "contentHash": "KrN6TGFwCwqOkLLk/idW/XtDQh+8In+CL9T4M1Dx+5ScsjTq4TlVbal8q532m82UYrMr6RiQJF2HvYCN0QwVsA==",
        "dependencies": {
          "Microsoft.Extensions.Configuration.Abstractions": "10.0.0",
          "Microsoft.Extensions.DependencyInjection.Abstractions": "10.0.0",
          "Microsoft.Extensions.Diagnostics.Abstractions": "10.0.0",
          "Microsoft.Extensions.FileProviders.Abstractions": "10.0.0",
          "Microsoft.Extensions.Logging.Abstractions": "10.0.0"
        }
      },
      "Microsoft.Extensions.Logging": {
        "type": "Transitive",
        "resolved": "10.0.4",
        "contentHash": "S8+6fCuMOhJZGk8sGFtOy3VsF9mk9x4UOL59GM91REiA/fmCDjunKKIw4RmStG87qyXPfxelDJf2pXIbTuaBdw==",
        "dependencies": {
          "Microsoft.Extensions.DependencyInjection": "10.0.4",
          "Microsoft.Extensions.Logging.Abstractions": "10.0.4",
          "Microsoft.Extensions.Options": "10.0.4"
        }
      },
      "Microsoft.Extensions.Logging.Abstractions": {
        "type": "Transitive",
        "resolved": "10.0.4",
        "contentHash": "PDMMt7fvBatv6hcxxyJtXIzSwn7Dy00W6I2vDAOTYrQqNM2dF5A2L9n0uMzdPz2IPoNZWkAmYjoOCEdDLq0i4w==",
        "dependencies": {
          "Microsoft.Extensions.DependencyInjection.Abstractions": "10.0.4"
        }
      },
      "Microsoft.Extensions.Logging.Configuration": {
        "type": "Transitive",
        "resolved": "10.0.0",
        "contentHash": "j8zcwhS6bYB6FEfaY3nYSgHdpiL2T+/V3xjpHtslVAegyI1JUbB9yAt/BFdvZdsNbY0Udm4xFtvfT/hUwcOOOg==",
        "dependencies": {
          "Microsoft.Extensions.Configuration": "10.0.0",
          "Microsoft.Extensions.Configuration.Abstractions": "10.0.0",
          "Microsoft.Extensions.Configuration.Binder": "10.0.0",
          "Microsoft.Extensions.DependencyInjection.Abstractions": "10.0.0",
          "Microsoft.Extensions.Logging": "10.0.0",
          "Microsoft.Extensions.Logging.Abstractions": "10.0.0",
          "Microsoft.Extensions.Options": "10.0.0",
          "Microsoft.Extensions.Options.ConfigurationExtensions": "10.0.0"
        }
      },
      "Microsoft.Extensions.Options": {
        "type": "Transitive",
        "resolved": "10.0.4",
        "contentHash": "kRxa2Zjzhg/ohh7EklpqQpBIcyQnC3meWxCcpZBn+0QWy/fY1DmDd45JiW8Vyrpj2J1RDtau5yRHiLZS/AoxUw==",
        "dependencies": {
          "Microsoft.Extensions.DependencyInjection.Abstractions": "10.0.4",
          "Microsoft.Extensions.Primitives": "10.0.4"
        }
      },
      "Microsoft.Extensions.Options.ConfigurationExtensions": {
        "type": "Transitive",
        "resolved": "10.0.0",
        "contentHash": "tL9cSl3maS5FPzp/3MtlZI21ExWhni0nnUCF8HY4npTsINw45n9SNDbkKXBMtFyUFGSsQep25fHIDN4f/Vp3AQ==",
        "dependencies": {
          "Microsoft.Extensions.Configuration.Abstractions": "10.0.0",
          "Microsoft.Extensions.Configuration.Binder": "10.0.0",
          "Microsoft.Extensions.DependencyInjection.Abstractions": "10.0.0",
          "Microsoft.Extensions.Options": "10.0.0",
          "Microsoft.Extensions.Primitives": "10.0.0"
        }
      },
      "Microsoft.Extensions.Primitives": {
        "type": "Transitive",
        "resolved": "10.0.4",
        "contentHash": "lABYqiRH9HgYJsjzO3W7+cucUwWXhEkiyrRylANdIubnzcESlkIsLowXpQ4E+sc7kjMLbk1hk5oxw4qTKowTEg=="
      },
      "Microsoft.NET.Test.Sdk": {
        "type": "Transitive",
        "resolved": "18.4.0",
        "contentHash": "w49iZdL4HL6V25l41NVQLXWQ+e71GvSkKVteMrOL02gP/PUkcnO/1yEb2s9FntU4wGmJWfKnyrRAhcMHd9ZZNA==",
        "dependencies": {
          "Microsoft.CodeCoverage": "18.4.0",
          "Microsoft.TestPlatform.TestHost": "18.4.0"
        }
      },
      "Microsoft.Testing.Extensions.CodeCoverage": {
        "type": "Transitive",
        "resolved": "18.9.0",
        "contentHash": "Odp8djWEUFTJoRV02y0zJaAwAHF31CtNaDgnKKM+8dBHbbaH7Ee0oo9gweLpbzjI7UrtMUzH6xLJSrICZw+Nwg==",
        "dependencies": {
          "Microsoft.DiaSymReader": "2.2.9",
          "Microsoft.Extensions.DependencyModel": "10.0.8",
          "Microsoft.Testing.Platform": "2.3.0"
        }
      },
      "Microsoft.Testing.Extensions.Telemetry": {
        "type": "Transitive",
        "resolved": "2.3.3",
        "contentHash": "nY8ceQyPWB9TRE1WE5Oe/sks2e10SxgPv61vBHsFYpgCeDtNwhpMZwmL29GklO3/etTdOsLdrCmNr4zJWaR2fg==",
        "dependencies": {
          "Microsoft.ApplicationInsights": "2.23.0",
          "Microsoft.Testing.Platform": "2.3.3"
        }
      },
      "Microsoft.Testing.Extensions.TrxReport": {
        "type": "Transitive",
        "resolved": "2.3.3",
        "contentHash": "vYBqGSlT94B8d6d4PRdPQ83ogn3kK4kXcnI3SlHBHZu1XsU01IDTMnWoto5v5wXN/Mz4XsVM3Do/sJdGRgH29g==",
        "dependencies": {
          "Microsoft.Testing.Extensions.TrxReport.Abstractions": "2.3.3",
          "Microsoft.Testing.Platform": "2.3.3"
        }
      },
      "Microsoft.Testing.Extensions.TrxReport.Abstractions": {
        "type": "Transitive",
        "resolved": "2.3.3",
        "contentHash": "dceVNxnfTEjKnrIreLcMfkgrzzBY8kgCCJX5NAv7Lq/6vPlTP4VB5zxKeuYy0yfCoBtWuPkLjUG6qtOBMfpypA==",
        "dependencies": {
          "Microsoft.Testing.Platform": "2.3.3"
        }
      },
      "Microsoft.Testing.Extensions.VSTestBridge": {
        "type": "Transitive",
        "resolved": "2.3.3",
        "contentHash": "JLovZjH6K10YiHO/BcidsaSHo/M2DfOe9FDjxjFdV6aoHO6VYTTYlLBNcyLJSo20q5gDTmNvmxYVH39A942aJA==",
        "dependencies": {
          "Microsoft.TestPlatform.ObjectModel": "18.4.0",
          "Microsoft.Testing.Extensions.Telemetry": "2.3.3",
          "Microsoft.Testing.Extensions.TrxReport.Abstractions": "2.3.3",
          "Microsoft.Testing.Platform": "2.3.3"
        }
      },
      "Microsoft.Testing.Platform": {
        "type": "Transitive",
        "resolved": "2.3.3",
        "contentHash": "ENbH4BQh9riXtOKc25KKITfiGGWhWMBJA7pZuNaF9zxzzSaVkp5AMeZxGQ6sXYaR6xb724NLz985Is6XIYqLSg=="
      },
      "Microsoft.Testing.Platform.MSBuild": {
        "type": "Transitive",
        "resolved": "2.3.3",
        "contentHash": "iVAvNbZ5JPDZSrTcIrCDoCsAkzjDxwDEt2mDuMd8ng1P6e2P2NCd0g0BsoBVG+nJLSmK//V+yeEvjCa3E2fxHw==",
        "dependencies": {
          "Microsoft.Testing.Platform": "2.3.3"
        }
      },
      "Microsoft.TestPlatform.ObjectModel": {
        "type": "Transitive",
        "resolved": "18.4.0",
        "contentHash": "4L6m2kS2pY5uJ9cpeRxzW22opr6ttScIRqsOpMDQpgENp/ZwxkkQCcmc6LRSURo2dFaaSW5KVflQZvroiJ7Wzg=="
      },
      "Microsoft.TestPlatform.TestHost": {
        "type": "Transitive",
        "resolved": "18.4.0",
        "contentHash": "gZsCHI+zOmZCcKZieIL4Jg14qKD2OGZOmX5DehuIk1EA9BN6Crm0+taXQNEuajOH1G9CCyBxw8VWR4t5tumcng==",
        "dependencies": {
          "Microsoft.TestPlatform.ObjectModel": "18.4.0",
          "Newtonsoft.Json": "13.0.3"
        }
      },
      "MSTest.Analyzers": {
        "type": "Transitive",
        "resolved": "4.3.3",
        "contentHash": "cTcdSPIZ8WvchbC5DFmfHxrvVNZCtops+2W94le+Q+mx110Y9L9mqNVVc9flF35lFeL5GsY+rxGBylsjDk4+zg=="
      },
      "MSTest.TestAdapter": {
        "type": "Transitive",
        "resolved": "4.3.3",
        "contentHash": "YxXA1YGqwcZ1UjZXHgeu65AWDR25PQ2lN5N5CYOhxftqOQh/FcgQk0Vz0nfHqLhqOGFI6g9uIfOWqAdobSNKSg==",
        "dependencies": {
          "MSTest.TestFramework": "4.3.3",
          "Microsoft.Testing.Extensions.VSTestBridge": "2.3.3",
          "Microsoft.Testing.Platform.MSBuild": "2.3.3"
        }
      },
      "MSTest.TestFramework": {
        "type": "Transitive",
        "resolved": "4.3.3",
        "contentHash": "Y4OSRh7VKV3nW+/vIqvfJ3sdLWfVJ9G11KpzynFAq3Bh/fpMaXt73v8GfL4mTz6pJ/ix3hcep4iy6qQNXt408w==",
        "dependencies": {
          "MSTest.Analyzers": "4.3.3"
        }
      },
      "Newtonsoft.Json": {
        "type": "Transitive",
        "resolved": "13.0.3",
        "contentHash": "HrC5BXdl00IP9zeV+0Z848QWPAoCr9P3bDEZguI+gkLcBKAOxix/tLEAAHC+UvDNPv4a2d18lOReHMOagPa+zQ=="
      },
      "Npgsql": {
        "type": "Transitive",
        "resolved": "10.0.3",
        "contentHash": "7nb5YzXuvWWJxB0J8DiyL3we+X4FOctZrt0fIBnucOIaIevFEEwGQVZKtiu9olXdlNAK1eNgqSral6r/jlhI4w==",
        "dependencies": {
          "Microsoft.Extensions.Logging.Abstractions": "10.0.0"
        }
      },
      "OpenTelemetry": {
        "type": "Transitive",
        "resolved": "1.17.0",
        "contentHash": "rMLOTftlMlTm7+MSrvXDHnJRjVkROFNKXHZrYjOsX+LankaFG7QSflx7qRRGjoqZoirohnxmJQ7GEb9occO4Gg==",
        "dependencies": {
          "Microsoft.Extensions.Configuration.EnvironmentVariables": "10.0.0",
          "Microsoft.Extensions.Diagnostics.Abstractions": "10.0.0",
          "Microsoft.Extensions.Logging.Configuration": "10.0.0",
          "OpenTelemetry.Api.ProviderBuilderExtensions": "1.17.0"
        }
      },
      "OpenTelemetry.Api": {
        "type": "Transitive",
        "resolved": "1.17.0",
        "contentHash": "mSBxzomZgHIJu9CyVNqyDu/n2JHEtqVgfcCD1Br0cV5iLYogjZOMqhlVLt99PEp+0KGBNUR3GXgeOdN2GR3F9g=="
      },
      "OpenTelemetry.Api.ProviderBuilderExtensions": {
        "type": "Transitive",
        "resolved": "1.17.0",
        "contentHash": "Xgc3Qf9B9TFMFpx6exTdGqMWuYIT2miNzkdMPutVvT9YuMFaEovXWke1Gb6z8NxYaQbbGF38vYLuSg1JCeui5Q==",
        "dependencies": {
          "Microsoft.Extensions.DependencyInjection.Abstractions": "10.0.0",
          "OpenTelemetry.Api": "1.17.0"
        }
      },
      "agropecuaria.architecturefitness": {
        "type": "Project"
      },
      "agropecuaria.identity": {
        "type": "Project",
        "dependencies": {
          "Npgsql.EntityFrameworkCore.PostgreSQL": "[10.0.3, )",
          "OpenTelemetry.Extensions.Hosting": "[1.17.0, )"
        }
      },
      "agropecuaria.territory": {
        "type": "Project",
        "dependencies": {
          "Npgsql.EntityFrameworkCore.PostgreSQL": "[10.0.3, )"
        }
      },
      "Npgsql.EntityFrameworkCore.PostgreSQL": {
        "type": "CentralTransitive",
        "requested": "[10.0.3, )",
        "resolved": "10.0.3",
        "contentHash": "IPGrrZnRkuW7OlHDhUESZz4G5DLkW7Nej/O3Cx+0iTsgyU5XJxBgpsvTHLloo3WWuAKKbDHXBvWPVkX1deRh1Q==",
        "dependencies": {
          "Microsoft.EntityFrameworkCore": "[10.0.4, 11.0.0)",
          "Microsoft.EntityFrameworkCore.Relational": "[10.0.4, 11.0.0)",
          "Npgsql": "10.0.3"
        }
      },
      "OpenTelemetry.Extensions.Hosting": {
        "type": "CentralTransitive",
        "requested": "[1.17.0, )",
        "resolved": "1.17.0",
        "contentHash": "t1OwL/4qgboGMobYVT+UV5zgWnFqCp4Pw8lcsmzh8m2K8PQsTKkyxrC32tqYTMYny3GOW4q5cltE3dTVzLmRew==",
        "dependencies": {
          "Microsoft.Extensions.Hosting.Abstractions": "10.0.0",
          "OpenTelemetry": "1.17.0"
        }
      }
    }
  }
}